{
  "name": "ngx-data-spreadsheet",
  "version": "0.0.2",
  "lockfileVersion": 1,
  "requires": true,
  "dependencies": {
    "@soeren_balke/x-data-spreadsheet": {
      "version": "0.1.0",
      "resolved": "https://registry.npmjs.org/@soeren_balke/x-data-spreadsheet/-/x-data-spreadsheet-0.1.0.tgz",
      "integrity": "sha512-70llsN9y0fPdz+rS5NKhPDpekiQZ0p/GV67+S1+IPH0+kN+nZzs114heTuKZlRqMtLMmA9Pcmqj7CdvXpQi0uw==",
      "requires": {
        "opencollective-postinstall": "^2.0.2"
      }
    },
    "opencollective-postinstall": {
      "version": "2.0.3",
      "resolved": "https://registry.npmjs.org/opencollective-postinstall/-/opencollective-postinstall-2.0.3.tgz",
      "integrity": "sha512-8AV/sCtuzUeTo8gQK5qDZzARrulB3egtLzFgteqB2tcT4Mw7B8Kt7JcDHmltjz6FOAHsvTevk70gZEbhM4ZS9Q=="
    },
    "tslib": {
      "version": "2.0.3",
      "resolved": "https://registry.npmjs.org/tslib/-/tslib-2.0.3.tgz",
      "integrity": "sha512-uZtkfKblCEQtZKBF6EBXVZeQNl82yqtDQdv+eck8u7tdPxjLu2/lp5/uPW+um2tpuxINHWy3GhiccY7QgEaVHQ=="
    }
  }
}
